
Microsoft Visual Studio Solution File, Format Version 12.00
# Visual Studio Version 16
VisualStudioVersion = 16.0.32413.511
MinimumVisualStudioVersion = 10.0.40219.1
Project("{FAE04EC0-301F-11D3-BF4B-00C04F79EFBC}") = "Lis.Tests", "Lis.Tests.csproj", "{CA9036C4-540C-407C-8AED-A2E996E5ECA5}"
EndProject
Project("{E53339B2-1760-4266-BCC7-CA923CBCF16C}") = "docker-compose", "docker-compose.dcproj", "{DE635A38-14BD-4313-9092-B5981A2887EF}"
EndProject
Global
	GlobalSection(SolutionConfigurationPlatforms) = preSolution
		Debug|Any CPU = Debug|Any CPU
		Release|Any CPU = Release|Any CPU
	EndGlobalSection
	GlobalSection(ProjectConfigurationPlatforms) = postSolution
		{CA9036C4-540C-407C-8AED-A2E996E5ECA5}.Debug|Any CPU.ActiveCfg = Debug|Any CPU
		{CA9036C4-540C-407C-8AED-A2E996E5ECA5}.Debug|Any CPU.Build.0 = Debug|Any CPU
		{CA9036C4-540C-407C-8AED-A2E996E5ECA5}.Release|Any CPU.ActiveCfg = Release|Any CPU
		{CA9036C4-540C-407C-8AED-A2E996E5ECA5}.Release|Any CPU.Build.0 = Release|Any CPU
		{DE635A38-14BD-4313-9092-B5981A2887EF}.Debug|Any CPU.ActiveCfg = Debug|Any CPU
		{DE635A38-14BD-4313-9092-B5981A2887EF}.Debug|Any CPU.Build.0 = Debug|Any CPU
		{DE635A38-14BD-4313-9092-B5981A2887EF}.Release|Any CPU.ActiveCfg = Release|Any CPU
		{DE635A38-14BD-4313-9092-B5981A2887EF}.Release|Any CPU.Build.0 = Release|Any CPU
	EndGlobalSection
	GlobalSection(SolutionProperties) = preSolution
		HideSolutionNode = FALSE
	EndGlobalSection
	GlobalSection(ExtensibilityGlobals) = postSolution
		SolutionGuid = {F0E94656-DDDB-434E-824C-0AF5D9E4A4D2}
	EndGlobalSection
EndGlobal
